
Microsoft Visual Studio Solution File, Format Version 12.00
# Visual Studio Version 17
VisualStudioVersion = 17.3.32825.248
MinimumVisualStudioVersion = 10.0.40219.1
Project("{FAE04EC0-301F-11D3-BF4B-00C04F79EFBC}") = "ToDoIt", "ToDoIt\ToDoIt.csproj", "{EC417E88-19AE-4BB0-8708-F7A0FC3E18A6}"
EndProject
Project("{FAE04EC0-301F-11D3-BF4B-00C04F79EFBC}") = "ToDoIT.Tests", "ToDoIT.Tests\ToDoIT.Tests.csproj", "{1FEB4E59-0129-464F-8712-D27D8C6BCD7F}"
EndProject
Global
	GlobalSection(SolutionConfigurationPlatforms) = preSolution
		Debug|Any CPU = Debug|Any CPU
		Release|Any CPU = Release|Any CPU
	EndGlobalSection
	GlobalSection(ProjectConfigurationPlatforms) = postSolution
		{EC417E88-19AE-4BB0-8708-F7A0FC3E18A6}.Debug|Any CPU.ActiveCfg = Debug|Any CPU
		{EC417E88-19AE-4BB0-8708-F7A0FC3E18A6}.Debug|Any CPU.Build.0 = Debug|Any CPU
		{EC417E88-19AE-4BB0-8708-F7A0FC3E18A6}.Release|Any CPU.ActiveCfg = Release|Any CPU
		{EC417E88-19AE-4BB0-8708-F7A0FC3E18A6}.Release|Any CPU.Build.0 = Release|Any CPU
		{1FEB4E59-0129-464F-8712-D27D8C6BCD7F}.Debug|Any CPU.ActiveCfg = Debug|Any CPU
		{1FEB4E59-0129-464F-8712-D27D8C6BCD7F}.Debug|Any CPU.Build.0 = Debug|Any CPU
		{1FEB4E59-0129-464F-8712-D27D8C6BCD7F}.Release|Any CPU.ActiveCfg = Release|Any CPU
		{1FEB4E59-0129-464F-8712-D27D8C6BCD7F}.Release|Any CPU.Build.0 = Release|Any CPU
	EndGlobalSection
	GlobalSection(SolutionProperties) = preSolution
		HideSolutionNode = FALSE
	EndGlobalSection
	GlobalSection(ExtensibilityGlobals) = postSolution
		SolutionGuid = {F9324C6F-47C7-490C-B32F-0A3FC7687735}
	EndGlobalSection
EndGlobal
